
Microsoft Visual Studio Solution File, Format Version 12.00
# Visual Studio Version 17
VisualStudioVersion = 17.3.32922.545
MinimumVisualStudioVersion = 10.0.40219.1
Project("{9A19103F-16F7-4668-BE54-9A1E7A4F7556}") = "TRPO3", "TRPO3.csproj", "{16B356AC-53DD-4C4B-9DAD-2CF4FA8AA203}"
EndProject
Global
	GlobalSection(SolutionConfigurationPlatforms) = preSolution
		Debug|Any CPU = Debug|Any CPU
		Release|Any CPU = Release|Any CPU
	EndGlobalSection
	GlobalSection(ProjectConfigurationPlatforms) = postSolution
		{16B356AC-53DD-4C4B-9DAD-2CF4FA8AA203}.Debug|Any CPU.ActiveCfg = Debug|Any CPU
		{16B356AC-53DD-4C4B-9DAD-2CF4FA8AA203}.Debug|Any CPU.Build.0 = Debug|Any CPU
		{16B356AC-53DD-4C4B-9DAD-2CF4FA8AA203}.Release|Any CPU.ActiveCfg = Release|Any CPU
		{16B356AC-53DD-4C4B-9DAD-2CF4FA8AA203}.Release|Any CPU.Build.0 = Release|Any CPU
	EndGlobalSection
	GlobalSection(SolutionProperties) = preSolution
		HideSolutionNode = FALSE
	EndGlobalSection
	GlobalSection(ExtensibilityGlobals) = postSolution
		SolutionGuid = {BE018C52-3032-4DA3-ADC8-923F58AA51F4}
	EndGlobalSection
EndGlobal
